
Microsoft Visual Studio Solution File, Format Version 12.00
# Visual Studio Version 17
VisualStudioVersion = 17.2.32616.157
MinimumVisualStudioVersion = 10.0.40219.1
Project("{9A19103F-16F7-4668-BE54-9A1E7A4F7556}") = "AppBlog", "AppBlog\AppBlog.csproj", "{9EBCE454-7CDE-4421-AA7C-87456D739860}"
	ProjectSection(ProjectDependencies) = postProject
		{3A6F57D9-8BA0-4C63-80E8-9EC08CE8861A} = {3A6F57D9-8BA0-4C63-80E8-9EC08CE8861A}
	EndProjectSection
EndProject
Project("{9A19103F-16F7-4668-BE54-9A1E7A4F7556}") = "DataAccessLayer", "DataAccessLayer\DataAccessLayer.csproj", "{B403885E-9B6D-4F79-8A36-B93348A9C4B2}"
	ProjectSection(ProjectDependencies) = postProject
		{3A6F57D9-8BA0-4C63-80E8-9EC08CE8861A} = {3A6F57D9-8BA0-4C63-80E8-9EC08CE8861A}
	EndProjectSection
EndProject
Project("{9A19103F-16F7-4668-BE54-9A1E7A4F7556}") = "Datam.Models", "Datam.Models\Datam.Models.csproj", "{3A6F57D9-8BA0-4C63-80E8-9EC08CE8861A}"
EndProject
Project("{9A19103F-16F7-4668-BE54-9A1E7A4F7556}") = "Data.Services", "Data.Services\Data.Services.csproj", "{C87A3E97-5E90-49FA-A06E-A7E52F5102D0}"
EndProject
Global
	GlobalSection(SolutionConfigurationPlatforms) = preSolution
		Debug|Any CPU = Debug|Any CPU
		Release|Any CPU = Release|Any CPU
	EndGlobalSection
	GlobalSection(ProjectConfigurationPlatforms) = postSolution
		{9EBCE454-7CDE-4421-AA7C-87456D739860}.Debug|Any CPU.ActiveCfg = Debug|Any CPU
		{9EBCE454-7CDE-4421-AA7C-87456D739860}.Debug|Any CPU.Build.0 = Debug|Any CPU
		{9EBCE454-7CDE-4421-AA7C-87456D739860}.Release|Any CPU.ActiveCfg = Release|Any CPU
		{9EBCE454-7CDE-4421-AA7C-87456D739860}.Release|Any CPU.Build.0 = Release|Any CPU
		{B403885E-9B6D-4F79-8A36-B93348A9C4B2}.Debug|Any CPU.ActiveCfg = Debug|Any CPU
		{B403885E-9B6D-4F79-8A36-B93348A9C4B2}.Debug|Any CPU.Build.0 = Debug|Any CPU
		{B403885E-9B6D-4F79-8A36-B93348A9C4B2}.Release|Any CPU.ActiveCfg = Release|Any CPU
		{B403885E-9B6D-4F79-8A36-B93348A9C4B2}.Release|Any CPU.Build.0 = Release|Any CPU
		{3A6F57D9-8BA0-4C63-80E8-9EC08CE8861A}.Debug|Any CPU.ActiveCfg = Debug|Any CPU
		{3A6F57D9-8BA0-4C63-80E8-9EC08CE8861A}.Debug|Any CPU.Build.0 = Debug|Any CPU
		{3A6F57D9-8BA0-4C63-80E8-9EC08CE8861A}.Release|Any CPU.ActiveCfg = Release|Any CPU
		{3A6F57D9-8BA0-4C63-80E8-9EC08CE8861A}.Release|Any CPU.Build.0 = Release|Any CPU
		{C87A3E97-5E90-49FA-A06E-A7E52F5102D0}.Debug|Any CPU.ActiveCfg = Debug|Any CPU
		{C87A3E97-5E90-49FA-A06E-A7E52F5102D0}.Debug|Any CPU.Build.0 = Debug|Any CPU
		{C87A3E97-5E90-49FA-A06E-A7E52F5102D0}.Release|Any CPU.ActiveCfg = Release|Any CPU
		{C87A3E97-5E90-49FA-A06E-A7E52F5102D0}.Release|Any CPU.Build.0 = Release|Any CPU
	EndGlobalSection
	GlobalSection(SolutionProperties) = preSolution
		HideSolutionNode = FALSE
	EndGlobalSection
	GlobalSection(ExtensibilityGlobals) = postSolution
		SolutionGuid = {5B064BD8-3DA2-4E31-A87F-69EF9E81BB3E}
	EndGlobalSection
EndGlobal
